
Microsoft Visual Studio Solution File, Format Version 12.00
# Visual Studio Version 16
VisualStudioVersion = 16.0.31025.194
MinimumVisualStudioVersion = 10.0.40219.1
Project("{8BC9CEB8-8B4A-11D0-8D11-00A0C91BC942}") = "FindSubstring", "FindSubstring\FindSubstring.vcxproj", "{A2234F0A-1AB5-437F-9DD5-DF9A859CD015}"
EndProject
Global
	GlobalSection(SolutionConfigurationPlatforms) = preSolution
		Debug|x64 = Debug|x64
		Debug|x86 = Debug|x86
		Release|x64 = Release|x64
		Release|x86 = Release|x86
	EndGlobalSection
	GlobalSection(ProjectConfigurationPlatforms) = postSolution
		{A2234F0A-1AB5-437F-9DD5-DF9A859CD015}.Debug|x64.ActiveCfg = Debug|x64
		{A2234F0A-1AB5-437F-9DD5-DF9A859CD015}.Debug|x64.Build.0 = Debug|x64
		{A2234F0A-1AB5-437F-9DD5-DF9A859CD015}.Debug|x86.ActiveCfg = Debug|Win32
		{A2234F0A-1AB5-437F-9DD5-DF9A859CD015}.Debug|x86.Build.0 = Debug|Win32
		{A2234F0A-1AB5-437F-9DD5-DF9A859CD015}.Release|x64.ActiveCfg = Release|x64
		{A2234F0A-1AB5-437F-9DD5-DF9A859CD015}.Release|x64.Build.0 = Release|x64
		{A2234F0A-1AB5-437F-9DD5-DF9A859CD015}.Release|x86.ActiveCfg = Release|Win32
		{A2234F0A-1AB5-437F-9DD5-DF9A859CD015}.Release|x86.Build.0 = Release|Win32
	EndGlobalSection
	GlobalSection(SolutionProperties) = preSolution
		HideSolutionNode = FALSE
	EndGlobalSection
	GlobalSection(ExtensibilityGlobals) = postSolution
		SolutionGuid = {53B01349-9E45-4BFC-BABC-527257D7BA00}
	EndGlobalSection
EndGlobal
